
Microsoft Visual Studio Solution File, Format Version 12.00
# Visual Studio Version 17
VisualStudioVersion = 17.4.33205.214
MinimumVisualStudioVersion = 10.0.40219.1
Project("{9A19103F-16F7-4668-BE54-9A1E7A4F7556}") = "reversi_cs", "reversi_cs\reversi_cs.csproj", "{0388C89B-3156-476E-A817-E056BE00EDA1}"
EndProject
Project("{8BC9CEB8-8B4A-11D0-8D11-00A0C91BC942}") = "reversi_cpp", "reversi_cpp\reversi_cpp.vcxproj", "{97E0C597-D278-4C36-8353-66221C1D615D}"
EndProject
Global
	GlobalSection(SolutionConfigurationPlatforms) = preSolution
		Debug|Any CPU = Debug|Any CPU
		Debug|x64 = Debug|x64
		Debug|x86 = Debug|x86
		Release|Any CPU = Release|Any CPU
		Release|x64 = Release|x64
		Release|x86 = Release|x86
	EndGlobalSection
	GlobalSection(ProjectConfigurationPlatforms) = postSolution
		{0388C89B-3156-476E-A817-E056BE00EDA1}.Debug|Any CPU.ActiveCfg = Debug|Any CPU
		{0388C89B-3156-476E-A817-E056BE00EDA1}.Debug|Any CPU.Build.0 = Debug|Any CPU
		{0388C89B-3156-476E-A817-E056BE00EDA1}.Debug|x64.ActiveCfg = Debug|Any CPU
		{0388C89B-3156-476E-A817-E056BE00EDA1}.Debug|x64.Build.0 = Debug|Any CPU
		{0388C89B-3156-476E-A817-E056BE00EDA1}.Debug|x86.ActiveCfg = Debug|Any CPU
		{0388C89B-3156-476E-A817-E056BE00EDA1}.Debug|x86.Build.0 = Debug|Any CPU
		{0388C89B-3156-476E-A817-E056BE00EDA1}.Release|Any CPU.ActiveCfg = Release|Any CPU
		{0388C89B-3156-476E-A817-E056BE00EDA1}.Release|Any CPU.Build.0 = Release|Any CPU
		{0388C89B-3156-476E-A817-E056BE00EDA1}.Release|x64.ActiveCfg = Release|Any CPU
		{0388C89B-3156-476E-A817-E056BE00EDA1}.Release|x64.Build.0 = Release|Any CPU
		{0388C89B-3156-476E-A817-E056BE00EDA1}.Release|x86.ActiveCfg = Release|Any CPU
		{0388C89B-3156-476E-A817-E056BE00EDA1}.Release|x86.Build.0 = Release|Any CPU
		{97E0C597-D278-4C36-8353-66221C1D615D}.Debug|Any CPU.ActiveCfg = Debug|x64
		{97E0C597-D278-4C36-8353-66221C1D615D}.Debug|Any CPU.Build.0 = Debug|x64
		{97E0C597-D278-4C36-8353-66221C1D615D}.Debug|x64.ActiveCfg = Debug|x64
		{97E0C597-D278-4C36-8353-66221C1D615D}.Debug|x64.Build.0 = Debug|x64
		{97E0C597-D278-4C36-8353-66221C1D615D}.Debug|x86.ActiveCfg = Debug|Win32
		{97E0C597-D278-4C36-8353-66221C1D615D}.Debug|x86.Build.0 = Debug|Win32
		{97E0C597-D278-4C36-8353-66221C1D615D}.Release|Any CPU.ActiveCfg = Release|x64
		{97E0C597-D278-4C36-8353-66221C1D615D}.Release|Any CPU.Build.0 = Release|x64
		{97E0C597-D278-4C36-8353-66221C1D615D}.Release|x64.ActiveCfg = Release|x64
		{97E0C597-D278-4C36-8353-66221C1D615D}.Release|x64.Build.0 = Release|x64
		{97E0C597-D278-4C36-8353-66221C1D615D}.Release|x86.ActiveCfg = Release|Win32
		{97E0C597-D278-4C36-8353-66221C1D615D}.Release|x86.Build.0 = Release|Win32
	EndGlobalSection
	GlobalSection(SolutionProperties) = preSolution
		HideSolutionNode = FALSE
	EndGlobalSection
	GlobalSection(ExtensibilityGlobals) = postSolution
		SolutionGuid = {75FBEF1F-6289-467B-B39A-1ED9DC935001}
	EndGlobalSection
EndGlobal
